// !$*UTF8*$!
{
	archiveVersion = 1;
	classes = {
	};
	objectVersion = 55;
	objects = {

/* Begin PBXBuildFile section */
		F6F8C1E327857732001A4D5E /* CovidTrackerApp.swift in Sources */ = {isa = PBXBuildFile; fileRef = F6F8C1E227857732001A4D5E /* CovidTrackerApp.swift */; };
		F6F8C1E527857732001A4D5E /* ContentView.swift in Sources */ = {isa = PBXBuildFile; fileRef = F6F8C1E427857732001A4D5E /* ContentView.swift */; };
		F6F8C1E727857733001A4D5E /* Assets.xcassets in Resources */ = {isa = PBXBuildFile; fileRef = F6F8C1E627857733001A4D5E /* Assets.xcassets */; };
		F6F8C1EA27857733001A4D5E /* Preview Assets.xcassets in Resources */ = {isa = PBXBuildFile; fileRef = F6F8C1E927857733001A4D5E /* Preview Assets.xcassets */; };
		F6F8C1F427857733001A4D5E /* CovidTrackerTests.swift in Sources */ = {isa = PBXBuildFile; fileRef = F6F8C1F327857733001A4D5E /* CovidTrackerTests.swift */; };
		F6F8C1FE27857733001A4D5E /* CovidTrackerUITests.swift in Sources */ = {isa = PBXBuildFile; fileRef = F6F8C1FD27857733001A4D5E /* CovidTrackerUITests.swift */; };
		F6F8C20027857733001A4D5E /* CovidTrackerUITestsLaunchTests.swift in Sources */ = {isa = PBXBuildFile; fileRef = F6F8C1FF27857733001A4D5E /* CovidTrackerUITestsLaunchTests.swift */; };
		F6F8C20D2785774C001A4D5E /* Day.swift in Sources */ = {isa = PBXBuildFile; fileRef = F6F8C20C2785774C001A4D5E /* Day.swift */; };
		F6F8C210278578C6001A4D5E /* CentralDataStore.swift in Sources */ = {isa = PBXBuildFile; fileRef = F6F8C20F278578C6001A4D5E /* CentralDataStore.swift */; };
		F6F8C21827867CB8001A4D5E /* WidgetKit.framework in Frameworks */ = {isa = PBXBuildFile; fileRef = F6F8C21727867CB8001A4D5E /* WidgetKit.framework */; };
		F6F8C21A27867CB8001A4D5E /* SwiftUI.framework in Frameworks */ = {isa = PBXBuildFile; fileRef = F6F8C21927867CB8001A4D5E /* SwiftUI.framework */; };
		F6F8C21D27867CB8001A4D5E /* CovidTrackerWidget.swift in Sources */ = {isa = PBXBuildFile; fileRef = F6F8C21C27867CB8001A4D5E /* CovidTrackerWidget.swift */; };
		F6F8C22027867CBB001A4D5E /* Assets.xcassets in Resources */ = {isa = PBXBuildFile; fileRef = F6F8C21F27867CBB001A4D5E /* Assets.xcassets */; };
		F6F8C22227867CBB001A4D5E /* CovidTrackerWidget.intentdefinition in Sources */ = {isa = PBXBuildFile; fileRef = F6F8C21E27867CB8001A4D5E /* CovidTrackerWidget.intentdefinition */; };
		F6F8C22327867CBB001A4D5E /* CovidTrackerWidget.intentdefinition in Sources */ = {isa = PBXBuildFile; fileRef = F6F8C21E27867CB8001A4D5E /* CovidTrackerWidget.intentdefinition */; };
		F6F8C22627867CBB001A4D5E /* CovidTrackerWidgetExtension.appex in Embed App Extensions */ = {isa = PBXBuildFile; fileRef = F6F8C21527867CB8001A4D5E /* CovidTrackerWidgetExtension.appex */; settings = {ATTRIBUTES = (RemoveHeadersOnCopy, ); }; };
		F6F8C22E27867D71001A4D5E /* CountyView.swift in Sources */ = {isa = PBXBuildFile; fileRef = F6F8C22D27867D71001A4D5E /* CountyView.swift */; };
		F6F8C23027867D82001A4D5E /* County.swift in Sources */ = {isa = PBXBuildFile; fileRef = F6F8C22F27867D82001A4D5E /* County.swift */; };
		F6F8C2312786873F001A4D5E /* CountyView.swift in Sources */ = {isa = PBXBuildFile; fileRef = F6F8C22D27867D71001A4D5E /* CountyView.swift */; };
		F6F8C23227868780001A4D5E /* County.swift in Sources */ = {isa = PBXBuildFile; fileRef = F6F8C22F27867D82001A4D5E /* County.swift */; };
		F6F8C23327868780001A4D5E /* Day.swift in Sources */ = {isa = PBXBuildFile; fileRef = F6F8C20C2785774C001A4D5E /* Day.swift */; };
		F6F8C23427868795001A4D5E /* CentralDataStore.swift in Sources */ = {isa = PBXBuildFile; fileRef = F6F8C20F278578C6001A4D5E /* CentralDataStore.swift */; };
		F6F8C2392786988D001A4D5E /* RiskLevel.swift in Sources */ = {isa = PBXBuildFile; fileRef = F6F8C2382786988D001A4D5E /* RiskLevel.swift */; };
		F6F8C23B27869C87001A4D5E /* StatisticView.swift in Sources */ = {isa = PBXBuildFile; fileRef = F6F8C23A27869C87001A4D5E /* StatisticView.swift */; };
		F6F8C23C27869D78001A4D5E /* RiskLevel.swift in Sources */ = {isa = PBXBuildFile; fileRef = F6F8C2382786988D001A4D5E /* RiskLevel.swift */; };
		F6F8C23D27869DC2001A4D5E /* StatisticView.swift in Sources */ = {isa = PBXBuildFile; fileRef = F6F8C23A27869C87001A4D5E /* StatisticView.swift */; };
		F6F8C23F2786A374001A4D5E /* StatisticType.swift in Sources */ = {isa = PBXBuildFile; fileRef = F6F8C23E2786A374001A4D5E /* StatisticType.swift */; };
		F6F8C2402786A3BD001A4D5E /* StatisticType.swift in Sources */ = {isa = PBXBuildFile; fileRef = F6F8C23E2786A374001A4D5E /* StatisticType.swift */; };
		F6F8C2422786A52A001A4D5E /* LinePlot.swift in Sources */ = {isa = PBXBuildFile; fileRef = F6F8C2412786A52A001A4D5E /* LinePlot.swift */; };
		F6F8C2442786A739001A4D5E /* Number+Helpers.swift in Sources */ = {isa = PBXBuildFile; fileRef = F6F8C2432786A739001A4D5E /* Number+Helpers.swift */; };
		F6F8C2452786B307001A4D5E /* LinePlot.swift in Sources */ = {isa = PBXBuildFile; fileRef = F6F8C2412786A52A001A4D5E /* LinePlot.swift */; };
		F6F8C2462786B31C001A4D5E /* Number+Helpers.swift in Sources */ = {isa = PBXBuildFile; fileRef = F6F8C2432786A739001A4D5E /* Number+Helpers.swift */; };
/* End PBXBuildFile section */

/* Begin PBXContainerItemProxy section */
		F6F8C1F027857733001A4D5E /* PBXContainerItemProxy */ = {
			isa = PBXContainerItemProxy;
			containerPortal = F6F8C1D727857732001A4D5E /* Project object */;
			proxyType = 1;
			remoteGlobalIDString = F6F8C1DE27857732001A4D5E;
			remoteInfo = CovidTracker;
		};
		F6F8C1FA27857733001A4D5E /* PBXContainerItemProxy */ = {
			isa = PBXContainerItemProxy;
			containerPortal = F6F8C1D727857732001A4D5E /* Project object */;
			proxyType = 1;
			remoteGlobalIDString = F6F8C1DE27857732001A4D5E;
			remoteInfo = CovidTracker;
		};
		F6F8C22427867CBB001A4D5E /* PBXContainerItemProxy */ = {
			isa = PBXContainerItemProxy;
			containerPortal = F6F8C1D727857732001A4D5E /* Project object */;
			proxyType = 1;
			remoteGlobalIDString = F6F8C21427867CB8001A4D5E;
			remoteInfo = CovidTrackerWidgetExtension;
		};
/* End PBXContainerItemProxy section */

/* Begin PBXCopyFilesBuildPhase section */
		F6F8C22A27867CBB001A4D5E /* Embed App Extensions */ = {
			isa = PBXCopyFilesBuildPhase;
			buildActionMask = 2147483647;
			dstPath = "";
			dstSubfolderSpec = 13;
			files = (
				F6F8C22627867CBB001A4D5E /* CovidTrackerWidgetExtension.appex in Embed App Extensions */,
			);
			name = "Embed App Extensions";
			runOnlyForDeploymentPostprocessing = 0;
		};
/* End PBXCopyFilesBuildPhase section */

/* Begin PBXFileReference section */
		F6F8C1DF27857732001A4D5E /* CovidTracker.app */ = {isa = PBXFileReference; explicitFileType = wrapper.application; includeInIndex = 0; path = CovidTracker.app; sourceTree = BUILT_PRODUCTS_DIR; };
		F6F8C1E227857732001A4D5E /* CovidTrackerApp.swift */ = {isa = PBXFileReference; lastKnownFileType = sourcecode.swift; path = CovidTrackerApp.swift; sourceTree = "<group>"; };
		F6F8C1E427857732001A4D5E /* ContentView.swift */ = {isa = PBXFileReference; lastKnownFileType = sourcecode.swift; path = ContentView.swift; sourceTree = "<group>"; };
		F6F8C1E627857733001A4D5E /* Assets.xcassets */ = {isa = PBXFileReference; lastKnownFileType = folder.assetcatalog; path = Assets.xcassets; sourceTree = "<group>"; };
		F6F8C1E927857733001A4D5E /* Preview Assets.xcassets */ = {isa = PBXFileReference; lastKnownFileType = folder.assetcatalog; path = "Preview Assets.xcassets"; sourceTree = "<group>"; };
		F6F8C1EF27857733001A4D5E /* CovidTrackerTests.xctest */ = {isa = PBXFileReference; explicitFileType = wrapper.cfbundle; includeInIndex = 0; path = CovidTrackerTests.xctest; sourceTree = BUILT_PRODUCTS_DIR; };
		F6F8C1F327857733001A4D5E /* CovidTrackerTests.swift */ = {isa = PBXFileReference; lastKnownFileType = sourcecode.swift; path = CovidTrackerTests.swift; sourceTree = "<group>"; };
		F6F8C1F927857733001A4D5E /* CovidTrackerUITests.xctest */ = {isa = PBXFileReference; explicitFileType = wrapper.cfbundle; includeInIndex = 0; path = CovidTrackerUITests.xctest; sourceTree = BUILT_PRODUCTS_DIR; };
		F6F8C1FD27857733001A4D5E /* CovidTrackerUITests.swift */ = {isa = PBXFileReference; lastKnownFileType = sourcecode.swift; path = CovidTrackerUITests.swift; sourceTree = "<group>"; };
		F6F8C1FF27857733001A4D5E /* CovidTrackerUITestsLaunchTests.swift */ = {isa = PBXFileReference; lastKnownFileType = sourcecode.swift; path = CovidTrackerUITestsLaunchTests.swift; sourceTree = "<group>"; };
		F6F8C20C2785774C001A4D5E /* Day.swift */ = {isa = PBXFileReference; lastKnownFileType = sourcecode.swift; path = Day.swift; sourceTree = "<group>"; };
		F6F8C20E27857777001A4D5E /* README.md */ = {isa = PBXFileReference; lastKnownFileType = net.daringfireball.markdown; path = README.md; sourceTree = "<group>"; };
		F6F8C20F278578C6001A4D5E /* CentralDataStore.swift */ = {isa = PBXFileReference; lastKnownFileType = sourcecode.swift; path = CentralDataStore.swift; sourceTree = "<group>"; };
		F6F8C21527867CB8001A4D5E /* CovidTrackerWidgetExtension.appex */ = {isa = PBXFileReference; explicitFileType = "wrapper.app-extension"; includeInIndex = 0; path = CovidTrackerWidgetExtension.appex; sourceTree = BUILT_PRODUCTS_DIR; };
		F6F8C21727867CB8001A4D5E /* WidgetKit.framework */ = {isa = PBXFileReference; lastKnownFileType = wrapper.framework; name = WidgetKit.framework; path = System/Library/Frameworks/WidgetKit.framework; sourceTree = SDKROOT; };
		F6F8C21927867CB8001A4D5E /* SwiftUI.framework */ = {isa = PBXFileReference; lastKnownFileType = wrapper.framework; name = SwiftUI.framework; path = System/Library/Frameworks/SwiftUI.framework; sourceTree = SDKROOT; };
		F6F8C21C27867CB8001A4D5E /* CovidTrackerWidget.swift */ = {isa = PBXFileReference; lastKnownFileType = sourcecode.swift; path = CovidTrackerWidget.swift; sourceTree = "<group>"; };
		F6F8C21E27867CB8001A4D5E /* CovidTrackerWidget.intentdefinition */ = {isa = PBXFileReference; lastKnownFileType = file.intentdefinition; path = CovidTrackerWidget.intentdefinition; sourceTree = "<group>"; };
		F6F8C21F27867CBB001A4D5E /* Assets.xcassets */ = {isa = PBXFileReference; lastKnownFileType = folder.assetcatalog; path = Assets.xcassets; sourceTree = "<group>"; };
		F6F8C22127867CBB001A4D5E /* Info.plist */ = {isa = PBXFileReference; lastKnownFileType = text.plist.xml; path = Info.plist; sourceTree = "<group>"; };
		F6F8C22D27867D71001A4D5E /* CountyView.swift */ = {isa = PBXFileReference; lastKnownFileType = sourcecode.swift; path = CountyView.swift; sourceTree = "<group>"; };
		F6F8C22F27867D82001A4D5E /* County.swift */ = {isa = PBXFileReference; lastKnownFileType = sourcecode.swift; path = County.swift; sourceTree = "<group>"; };
		F6F8C2382786988D001A4D5E /* RiskLevel.swift */ = {isa = PBXFileReference; lastKnownFileType = sourcecode.swift; path = RiskLevel.swift; sourceTree = "<group>"; };
		F6F8C23A27869C87001A4D5E /* StatisticView.swift */ = {isa = PBXFileReference; lastKnownFileType = sourcecode.swift; path = StatisticView.swift; sourceTree = "<group>"; };
		F6F8C23E2786A374001A4D5E /* StatisticType.swift */ = {isa = PBXFileReference; lastKnownFileType = sourcecode.swift; path = StatisticType.swift; sourceTree = "<group>"; };
		F6F8C2412786A52A001A4D5E /* LinePlot.swift */ = {isa = PBXFileReference; lastKnownFileType = sourcecode.swift; path = LinePlot.swift; sourceTree = "<group>"; };
		F6F8C2432786A739001A4D5E /* Number+Helpers.swift */ = {isa = PBXFileReference; lastKnownFileType = sourcecode.swift; path = "Number+Helpers.swift"; sourceTree = "<group>"; };
/* End PBXFileReference section */

/* Begin PBXFrameworksBuildPhase section */
		F6F8C1DC27857732001A4D5E /* Frameworks */ = {
			isa = PBXFrameworksBuildPhase;
			buildActionMask = 2147483647;
			files = (
			);
			runOnlyForDeploymentPostprocessing = 0;
		};
		F6F8C1EC27857733001A4D5E /* Frameworks */ = {
			isa = PBXFrameworksBuildPhase;
			buildActionMask = 2147483647;
			files = (
			);
			runOnlyForDeploymentPostprocessing = 0;
		};
		F6F8C1F627857733001A4D5E /* Frameworks */ = {
			isa = PBXFrameworksBuildPhase;
			buildActionMask = 2147483647;
			files = (
			);
			runOnlyForDeploymentPostprocessing = 0;
		};
		F6F8C21227867CB8001A4D5E /* Frameworks */ = {
			isa = PBXFrameworksBuildPhase;
			buildActionMask = 2147483647;
			files = (
				F6F8C21A27867CB8001A4D5E /* SwiftUI.framework in Frameworks */,
				F6F8C21827867CB8001A4D5E /* WidgetKit.framework in Frameworks */,
			);
			runOnlyForDeploymentPostprocessing = 0;
		};
/* End PBXFrameworksBuildPhase section */

/* Begin PBXGroup section */
		F6F8C1D627857732001A4D5E = {
			isa = PBXGroup;
			children = (
				F6F8C20E27857777001A4D5E /* README.md */,
				F6F8C1E127857732001A4D5E /* CovidTracker */,
				F6F8C21B27867CB8001A4D5E /* CovidTrackerWidget */,
				F6F8C1F227857733001A4D5E /* CovidTrackerTests */,
				F6F8C1FC27857733001A4D5E /* CovidTrackerUITests */,
				F6F8C21627867CB8001A4D5E /* Frameworks */,
				F6F8C1E027857732001A4D5E /* Products */,
			);
			sourceTree = "<group>";
		};
		F6F8C1E027857732001A4D5E /* Products */ = {
			isa = PBXGroup;
			children = (
				F6F8C1DF27857732001A4D5E /* CovidTracker.app */,
				F6F8C1EF27857733001A4D5E /* CovidTrackerTests.xctest */,
				F6F8C1F927857733001A4D5E /* CovidTrackerUITests.xctest */,
				F6F8C21527867CB8001A4D5E /* CovidTrackerWidgetExtension.appex */,
			);
			name = Products;
			sourceTree = "<group>";
		};
		F6F8C1E127857732001A4D5E /* CovidTracker */ = {
			isa = PBXGroup;
			children = (
				F6F8C1E227857732001A4D5E /* CovidTrackerApp.swift */,
				F6F8C22B27867D44001A4D5E /* Model */,
				F6F8C22C27867D4E001A4D5E /* View */,
				F6F8C1E627857733001A4D5E /* Assets.xcassets */,
				F6F8C23527869739001A4D5E /* Utility */,
				F6F8C1E827857733001A4D5E /* Preview Content */,
			);
			path = CovidTracker;
			sourceTree = "<group>";
		};
		F6F8C1E827857733001A4D5E /* Preview Content */ = {
			isa = PBXGroup;
			children = (
				F6F8C1E927857733001A4D5E /* Preview Assets.xcassets */,
			);
			path = "Preview Content";
			sourceTree = "<group>";
		};
		F6F8C1F227857733001A4D5E /* CovidTrackerTests */ = {
			isa = PBXGroup;
			children = (
				F6F8C1F327857733001A4D5E /* CovidTrackerTests.swift */,
			);
			path = CovidTrackerTests;
			sourceTree = "<group>";
		};
		F6F8C1FC27857733001A4D5E /* CovidTrackerUITests */ = {
			isa = PBXGroup;
			children = (
				F6F8C1FD27857733001A4D5E /* CovidTrackerUITests.swift */,
				F6F8C1FF27857733001A4D5E /* CovidTrackerUITestsLaunchTests.swift */,
			);
			path = CovidTrackerUITests;
			sourceTree = "<group>";
		};
		F6F8C21627867CB8001A4D5E /* Frameworks */ = {
			isa = PBXGroup;
			children = (
				F6F8C21727867CB8001A4D5E /* WidgetKit.framework */,
				F6F8C21927867CB8001A4D5E /* SwiftUI.framework */,
			);
			name = Frameworks;
			sourceTree = "<group>";
		};
		F6F8C21B27867CB8001A4D5E /* CovidTrackerWidget */ = {
			isa = PBXGroup;
			children = (
				F6F8C21C27867CB8001A4D5E /* CovidTrackerWidget.swift */,
				F6F8C21E27867CB8001A4D5E /* CovidTrackerWidget.intentdefinition */,
				F6F8C21F27867CBB001A4D5E /* Assets.xcassets */,
				F6F8C22127867CBB001A4D5E /* Info.plist */,
			);
			path = CovidTrackerWidget;
			sourceTree = "<group>";
		};
		F6F8C22B27867D44001A4D5E /* Model */ = {
			isa = PBXGroup;
			children = (
				F6F8C20F278578C6001A4D5E /* CentralDataStore.swift */,
				F6F8C22F27867D82001A4D5E /* County.swift */,
				F6F8C20C2785774C001A4D5E /* Day.swift */,
				F6F8C2382786988D001A4D5E /* RiskLevel.swift */,
				F6F8C23E2786A374001A4D5E /* StatisticType.swift */,
			);
			path = Model;
			sourceTree = "<group>";
		};
		F6F8C22C27867D4E001A4D5E /* View */ = {
			isa = PBXGroup;
			children = (
				F6F8C1E427857732001A4D5E /* ContentView.swift */,
				F6F8C22D27867D71001A4D5E /* CountyView.swift */,
				F6F8C23A27869C87001A4D5E /* StatisticView.swift */,
				F6F8C2412786A52A001A4D5E /* LinePlot.swift */,
			);
			path = View;
			sourceTree = "<group>";
		};
		F6F8C23527869739001A4D5E /* Utility */ = {
			isa = PBXGroup;
			children = (
				F6F8C2432786A739001A4D5E /* Number+Helpers.swift */,
			);
			path = Utility;
			sourceTree = "<group>";
		};
/* End PBXGroup section */

/* Begin PBXNativeTarget section */
		F6F8C1DE27857732001A4D5E /* CovidTracker */ = {
			isa = PBXNativeTarget;
			buildConfigurationList = F6F8C20327857733001A4D5E /* Build configuration list for PBXNativeTarget "CovidTracker" */;
			buildPhases = (
				F6F8C1DB27857732001A4D5E /* Sources */,
				F6F8C1DC27857732001A4D5E /* Frameworks */,
				F6F8C1DD27857732001A4D5E /* Resources */,
				F6F8C22A27867CBB001A4D5E /* Embed App Extensions */,
			);
			buildRules = (
			);
			dependencies = (
				F6F8C22527867CBB001A4D5E /* PBXTargetDependency */,
			);
			name = CovidTracker;
			productName = CovidTracker;
			productReference = F6F8C1DF27857732001A4D5E /* CovidTracker.app */;
			productType = "com.apple.product-type.application";
		};
		F6F8C1EE27857733001A4D5E /* CovidTrackerTests */ = {
			isa = PBXNativeTarget;
			buildConfigurationList = F6F8C20627857733001A4D5E /* Build configuration list for PBXNativeTarget "CovidTrackerTests" */;
			buildPhases = (
				F6F8C1EB27857733001A4D5E /* Sources */,
				F6F8C1EC27857733001A4D5E /* Frameworks */,
				F6F8C1ED27857733001A4D5E /* Resources */,
			);
			buildRules = (
			);
			dependencies = (
				F6F8C1F127857733001A4D5E /* PBXTargetDependency */,
			);
			name = CovidTrackerTests;
			productName = CovidTrackerTests;
			productReference = F6F8C1EF27857733001A4D5E /* CovidTrackerTests.xctest */;
			productType = "com.apple.product-type.bundle.unit-test";
		};
		F6F8C1F827857733001A4D5E /* CovidTrackerUITests */ = {
			isa = PBXNativeTarget;
			buildConfigurationList = F6F8C20927857733001A4D5E /* Build configuration list for PBXNativeTarget "CovidTrackerUITests" */;
			buildPhases = (
				F6F8C1F527857733001A4D5E /* Sources */,
				F6F8C1F627857733001A4D5E /* Frameworks */,
				F6F8C1F727857733001A4D5E /* Resources */,
			);
			buildRules = (
			);
			dependencies = (
				F6F8C1FB27857733001A4D5E /* PBXTargetDependency */,
			);
			name = CovidTrackerUITests;
			productName = CovidTrackerUITests;
			productReference = F6F8C1F927857733001A4D5E /* CovidTrackerUITests.xctest */;
			productType = "com.apple.product-type.bundle.ui-testing";
		};
		F6F8C21427867CB8001A4D5E /* CovidTrackerWidgetExtension */ = {
			isa = PBXNativeTarget;
			buildConfigurationList = F6F8C22727867CBB001A4D5E /* Build configuration list for PBXNativeTarget "CovidTrackerWidgetExtension" */;
			buildPhases = (
				F6F8C21127867CB8001A4D5E /* Sources */,
				F6F8C21227867CB8001A4D5E /* Frameworks */,
				F6F8C21327867CB8001A4D5E /* Resources */,
			);
			buildRules = (
			);
			dependencies = (
			);
			name = CovidTrackerWidgetExtension;
			productName = CovidTrackerWidgetExtension;
			productReference = F6F8C21527867CB8001A4D5E /* CovidTrackerWidgetExtension.appex */;
			productType = "com.apple.product-type.app-extension";
		};
/* End PBXNativeTarget section */

/* Begin PBXProject section */
		F6F8C1D727857732001A4D5E /* Project object */ = {
			isa = PBXProject;
			attributes = {
				BuildIndependentTargetsInParallel = 1;
				LastSwiftUpdateCheck = 1320;
				LastUpgradeCheck = 1320;
				TargetAttributes = {
					F6F8C1DE27857732001A4D5E = {
						CreatedOnToolsVersion = 13.2.1;
					};
					F6F8C1EE27857733001A4D5E = {
						CreatedOnToolsVersion = 13.2.1;
						TestTargetID = F6F8C1DE27857732001A4D5E;
					};
					F6F8C1F827857733001A4D5E = {
						CreatedOnToolsVersion = 13.2.1;
						TestTargetID = F6F8C1DE27857732001A4D5E;
					};
					F6F8C21427867CB8001A4D5E = {
						CreatedOnToolsVersion = 13.2.1;
					};
				};
			};
			buildConfigurationList = F6F8C1DA27857732001A4D5E /* Build configuration list for PBXProject "CovidTracker" */;
			compatibilityVersion = "Xcode 13.0";
			developmentRegion = en;
			hasScannedForEncodings = 0;
			knownRegions = (
				en,
				Base,
			);
			mainGroup = F6F8C1D627857732001A4D5E;
			productRefGroup = F6F8C1E027857732001A4D5E /* Products */;
			projectDirPath = "";
			projectRoot = "";
			targets = (
				F6F8C1DE27857732001A4D5E /* CovidTracker */,
				F6F8C1EE27857733001A4D5E /* CovidTrackerTests */,
				F6F8C1F827857733001A4D5E /* CovidTrackerUITests */,
				F6F8C21427867CB8001A4D5E /* CovidTrackerWidgetExtension */,
			);
		};
/* End PBXProject section */

/* Begin PBXResourcesBuildPhase section */
		F6F8C1DD27857732001A4D5E /* Resources */ = {
			isa = PBXResourcesBuildPhase;
			buildActionMask = 2147483647;
			files = (
				F6F8C1EA27857733001A4D5E /* Preview Assets.xcassets in Resources */,
				F6F8C1E727857733001A4D5E /* Assets.xcassets in Resources */,
			);
			runOnlyForDeploymentPostprocessing = 0;
		};
		F6F8C1ED27857733001A4D5E /* Resources */ = {
			isa = PBXResourcesBuildPhase;
			buildActionMask = 2147483647;
			files = (
			);
			runOnlyForDeploymentPostprocessing = 0;
		};
		F6F8C1F727857733001A4D5E /* Resources */ = {
			isa = PBXResourcesBuildPhase;
			buildActionMask = 2147483647;
			files = (
			);
			runOnlyForDeploymentPostprocessing = 0;
		};
		F6F8C21327867CB8001A4D5E /* Resources */ = {
			isa = PBXResourcesBuildPhase;
			buildActionMask = 2147483647;
			files = (
				F6F8C22027867CBB001A4D5E /* Assets.xcassets in Resources */,
			);
			runOnlyForDeploymentPostprocessing = 0;
		};
/* End PBXResourcesBuildPhase section */

/* Begin PBXSourcesBuildPhase section */
		F6F8C1DB27857732001A4D5E /* Sources */ = {
			isa = PBXSourcesBuildPhase;
			buildActionMask = 2147483647;
			files = (
				F6F8C22327867CBB001A4D5E /* CovidTrackerWidget.intentdefinition in Sources */,
				F6F8C2422786A52A001A4D5E /* LinePlot.swift in Sources */,
				F6F8C210278578C6001A4D5E /* CentralDataStore.swift in Sources */,
				F6F8C23027867D82001A4D5E /* County.swift in Sources */,
				F6F8C20D2785774C001A4D5E /* Day.swift in Sources */,
				F6F8C1E527857732001A4D5E /* ContentView.swift in Sources */,
				F6F8C22E27867D71001A4D5E /* CountyView.swift in Sources */,
				F6F8C2392786988D001A4D5E /* RiskLevel.swift in Sources */,
				F6F8C23B27869C87001A4D5E /* StatisticView.swift in Sources */,
				F6F8C23F2786A374001A4D5E /* StatisticType.swift in Sources */,
				F6F8C2442786A739001A4D5E /* Number+Helpers.swift in Sources */,
				F6F8C1E327857732001A4D5E /* CovidTrackerApp.swift in Sources */,
			);
			runOnlyForDeploymentPostprocessing = 0;
		};
		F6F8C1EB27857733001A4D5E /* Sources */ = {
			isa = PBXSourcesBuildPhase;
			buildActionMask = 2147483647;
			files = (
				F6F8C1F427857733001A4D5E /* CovidTrackerTests.swift in Sources */,
			);
			runOnlyForDeploymentPostprocessing = 0;
		};
		F6F8C1F527857733001A4D5E /* Sources */ = {
			isa = PBXSourcesBuildPhase;
			buildActionMask = 2147483647;
			files = (
				F6F8C1FE27857733001A4D5E /* CovidTrackerUITests.swift in Sources */,
				F6F8C20027857733001A4D5E /* CovidTrackerUITestsLaunchTests.swift in Sources */,
			);
			runOnlyForDeploymentPostprocessing = 0;
		};
		F6F8C21127867CB8001A4D5E /* Sources */ = {
			isa = PBXSourcesBuildPhase;
			buildActionMask = 2147483647;
			files = (
				F6F8C21D27867CB8001A4D5E /* CovidTrackerWidget.swift in Sources */,
				F6F8C23D27869DC2001A4D5E /* StatisticView.swift in Sources */,
				F6F8C23227868780001A4D5E /* County.swift in Sources */,
				F6F8C2402786A3BD001A4D5E /* StatisticType.swift in Sources */,
				F6F8C2452786B307001A4D5E /* LinePlot.swift in Sources */,
				F6F8C2312786873F001A4D5E /* CountyView.swift in Sources */,
				F6F8C23427868795001A4D5E /* CentralDataStore.swift in Sources */,
				F6F8C23C27869D78001A4D5E /* RiskLevel.swift in Sources */,
				F6F8C23327868780001A4D5E /* Day.swift in Sources */,
				F6F8C2462786B31C001A4D5E /* Number+Helpers.swift in Sources */,
				F6F8C22227867CBB001A4D5E /* CovidTrackerWidget.intentdefinition in Sources */,
			);
			runOnlyForDeploymentPostprocessing = 0;
		};
/* End PBXSourcesBuildPhase section */

/* Begin PBXTargetDependency section */
		F6F8C1F127857733001A4D5E /* PBXTargetDependency */ = {
			isa = PBXTargetDependency;
			target = F6F8C1DE27857732001A4D5E /* CovidTracker */;
			targetProxy = F6F8C1F027857733001A4D5E /* PBXContainerItemProxy */;
		};
		F6F8C1FB27857733001A4D5E /* PBXTargetDependency */ = {
			isa = PBXTargetDependency;
			target = F6F8C1DE27857732001A4D5E /* CovidTracker */;
			targetProxy = F6F8C1FA27857733001A4D5E /* PBXContainerItemProxy */;
		};
		F6F8C22527867CBB001A4D5E /* PBXTargetDependency */ = {
			isa = PBXTargetDependency;
			target = F6F8C21427867CB8001A4D5E /* CovidTrackerWidgetExtension */;
			targetProxy = F6F8C22427867CBB001A4D5E /* PBXContainerItemProxy */;
		};
/* End PBXTargetDependency section */

/* Begin XCBuildConfiguration section */
		F6F8C20127857733001A4D5E /* Debug */ = {
			isa = XCBuildConfiguration;
			buildSettings = {
				ALWAYS_SEARCH_USER_PATHS = NO;
				CLANG_ANALYZER_NONNULL = YES;
				CLANG_ANALYZER_NUMBER_OBJECT_CONVERSION = YES_AGGRESSIVE;
				CLANG_CXX_LANGUAGE_STANDARD = "gnu++17";
				CLANG_CXX_LIBRARY = "libc++";
				CLANG_ENABLE_MODULES = YES;
				CLANG_ENABLE_OBJC_ARC = YES;
				CLANG_ENABLE_OBJC_WEAK = YES;
				CLANG_WARN_BLOCK_CAPTURE_AUTORELEASING = YES;
				CLANG_WARN_BOOL_CONVERSION = YES;
				CLANG_WARN_COMMA = YES;
				CLANG_WARN_CONSTANT_CONVERSION = YES;
				CLANG_WARN_DEPRECATED_OBJC_IMPLEMENTATIONS = YES;
				CLANG_WARN_DIRECT_OBJC_ISA_USAGE = YES_ERROR;
				CLANG_WARN_DOCUMENTATION_COMMENTS = YES;
				CLANG_WARN_EMPTY_BODY = YES;
				CLANG_WARN_ENUM_CONVERSION = YES;
				CLANG_WARN_INFINITE_RECURSION = YES;
				CLANG_WARN_INT_CONVERSION = YES;
				CLANG_WARN_NON_LITERAL_NULL_CONVERSION = YES;
				CLANG_WARN_OBJC_IMPLICIT_RETAIN_SELF = YES;
				CLANG_WARN_OBJC_LITERAL_CONVERSION = YES;
				CLANG_WARN_OBJC_ROOT_CLASS = YES_ERROR;
				CLANG_WARN_QUOTED_INCLUDE_IN_FRAMEWORK_HEADER = YES;
				CLANG_WARN_RANGE_LOOP_ANALYSIS = YES;
				CLANG_WARN_STRICT_PROTOTYPES = YES;
				CLANG_WARN_SUSPICIOUS_MOVE = YES;
				CLANG_WARN_UNGUARDED_AVAILABILITY = YES_AGGRESSIVE;
				CLANG_WARN_UNREACHABLE_CODE = YES;
				CLANG_WARN__DUPLICATE_METHOD_MATCH = YES;
				COPY_PHASE_STRIP = NO;
				DEBUG_INFORMATION_FORMAT = dwarf;
				ENABLE_STRICT_OBJC_MSGSEND = YES;
				ENABLE_TESTABILITY = YES;
				GCC_C_LANGUAGE_STANDARD = gnu11;
				GCC_DYNAMIC_NO_PIC = NO;
				GCC_NO_COMMON_BLOCKS = YES;
				GCC_OPTIMIZATION_LEVEL = 0;
				GCC_PREPROCESSOR_DEFINITIONS = (
					"DEBUG=1",
					"$(inherited)",
				);
				GCC_WARN_64_TO_32_BIT_CONVERSION = YES;
				GCC_WARN_ABOUT_RETURN_TYPE = YES_ERROR;
				GCC_WARN_UNDECLARED_SELECTOR = YES;
				GCC_WARN_UNINITIALIZED_AUTOS = YES_AGGRESSIVE;
				GCC_WARN_UNUSED_FUNCTION = YES;
				GCC_WARN_UNUSED_VARIABLE = YES;
				IPHONEOS_DEPLOYMENT_TARGET = 15.2;
				MTL_ENABLE_DEBUG_INFO = INCLUDE_SOURCE;
				MTL_FAST_MATH = YES;
				ONLY_ACTIVE_ARCH = YES;
				SDKROOT = iphoneos;
				SWIFT_ACTIVE_COMPILATION_CONDITIONS = DEBUG;
				SWIFT_OPTIMIZATION_LEVEL = "-Onone";
			};
			name = Debug;
		};
		F6F8C20227857733001A4D5E /* Release */ = {
			isa = XCBuildConfiguration;
			buildSettings = {
				ALWAYS_SEARCH_USER_PATHS = NO;
				CLANG_ANALYZER_NONNULL = YES;
				CLANG_ANALYZER_NUMBER_OBJECT_CONVERSION = YES_AGGRESSIVE;
				CLANG_CXX_LANGUAGE_STANDARD = "gnu++17";
				CLANG_CXX_LIBRARY = "libc++";
				CLANG_ENABLE_MODULES = YES;
				CLANG_ENABLE_OBJC_ARC = YES;
				CLANG_ENABLE_OBJC_WEAK = YES;
				CLANG_WARN_BLOCK_CAPTURE_AUTORELEASING = YES;
				CLANG_WARN_BOOL_CONVERSION = YES;
				CLANG_WARN_COMMA = YES;
				CLANG_WARN_CONSTANT_CONVERSION = YES;
				CLANG_WARN_DEPRECATED_OBJC_IMPLEMENTATIONS = YES;
				CLANG_WARN_DIRECT_OBJC_ISA_USAGE = YES_ERROR;
				CLANG_WARN_DOCUMENTATION_COMMENTS = YES;
				CLANG_WARN_EMPTY_BODY = YES;
				CLANG_WARN_ENUM_CONVERSION = YES;
				CLANG_WARN_INFINITE_RECURSION = YES;
				CLANG_WARN_INT_CONVERSION = YES;
				CLANG_WARN_NON_LITERAL_NULL_CONVERSION = YES;
				CLANG_WARN_OBJC_IMPLICIT_RETAIN_SELF = YES;
				CLANG_WARN_OBJC_LITERAL_CONVERSION = YES;
				CLANG_WARN_OBJC_ROOT_CLASS = YES_ERROR;
				CLANG_WARN_QUOTED_INCLUDE_IN_FRAMEWORK_HEADER = YES;
				CLANG_WARN_RANGE_LOOP_ANALYSIS = YES;
				CLANG_WARN_STRICT_PROTOTYPES = YES;
				CLANG_WARN_SUSPICIOUS_MOVE = YES;
				CLANG_WARN_UNGUARDED_AVAILABILITY = YES_AGGRESSIVE;
				CLANG_WARN_UNREACHABLE_CODE = YES;
				CLANG_WARN__DUPLICATE_METHOD_MATCH = YES;
				COPY_PHASE_STRIP = NO;
				DEBUG_INFORMATION_FORMAT = "dwarf-with-dsym";
				ENABLE_NS_ASSERTIONS = NO;
				ENABLE_STRICT_OBJC_MSGSEND = YES;
				GCC_C_LANGUAGE_STANDARD = gnu11;
				GCC_NO_COMMON_BLOCKS = YES;
				GCC_WARN_64_TO_32_BIT_CONVERSION = YES;
				GCC_WARN_ABOUT_RETURN_TYPE = YES_ERROR;
				GCC_WARN_UNDECLARED_SELECTOR = YES;
				GCC_WARN_UNINITIALIZED_AUTOS = YES_AGGRESSIVE;
				GCC_WARN_UNUSED_FUNCTION = YES;
				GCC_WARN_UNUSED_VARIABLE = YES;
				IPHONEOS_DEPLOYMENT_TARGET = 15.2;
				MTL_ENABLE_DEBUG_INFO = NO;
				MTL_FAST_MATH = YES;
				SDKROOT = iphoneos;
				SWIFT_COMPILATION_MODE = wholemodule;
				SWIFT_OPTIMIZATION_LEVEL = "-O";
				VALIDATE_PRODUCT = YES;
			};
			name = Release;
		};
		F6F8C20427857733001A4D5E /* Debug */ = {
			isa = XCBuildConfiguration;
			buildSettings = {
				ALWAYS_EMBED_SWIFT_STANDARD_LIBRARIES = YES;
				ASSETCATALOG_COMPILER_APPICON_NAME = AppIcon;
				ASSETCATALOG_COMPILER_GLOBAL_ACCENT_COLOR_NAME = AccentColor;
				CODE_SIGN_STYLE = Automatic;
				CURRENT_PROJECT_VERSION = 1;
				DEVELOPMENT_ASSET_PATHS = "\"CovidTracker/Preview Content\"";
				DEVELOPMENT_TEAM = CJYVMFG9D9;
				ENABLE_PREVIEWS = YES;
				GENERATE_INFOPLIST_FILE = YES;
				INFOPLIST_KEY_UIApplicationSceneManifest_Generation = YES;
				INFOPLIST_KEY_UIApplicationSupportsIndirectInputEvents = YES;
				INFOPLIST_KEY_UILaunchScreen_Generation = YES;
				INFOPLIST_KEY_UISupportedInterfaceOrientations_iPad = "UIInterfaceOrientationPortrait UIInterfaceOrientationPortraitUpsideDown UIInterfaceOrientationLandscapeLeft UIInterfaceOrientationLandscapeRight";
				INFOPLIST_KEY_UISupportedInterfaceOrientations_iPhone = "UIInterfaceOrientationPortrait UIInterfaceOrientationLandscapeLeft UIInterfaceOrientationLandscapeRight";
				LD_RUNPATH_SEARCH_PATHS = (
					"$(inherited)",
					"@executable_path/Frameworks",
				);
				MARKETING_VERSION = 1.0;
				PRODUCT_BUNDLE_IDENTIFIER = com.qzhann.CovidTracker;
				PRODUCT_NAME = "$(TARGET_NAME)";
				SWIFT_EMIT_LOC_STRINGS = YES;
				SWIFT_VERSION = 5.0;
				TARGETED_DEVICE_FAMILY = "1,2";
			};
			name = Debug;
		};
		F6F8C20527857733001A4D5E /* Release */ = {
			isa = XCBuildConfiguration;
			buildSettings = {
				ALWAYS_EMBED_SWIFT_STANDARD_LIBRARIES = YES;
				ASSETCATALOG_COMPILER_APPICON_NAME = AppIcon;
				ASSETCATALOG_COMPILER_GLOBAL_ACCENT_COLOR_NAME = AccentColor;
				CODE_SIGN_STYLE = Automatic;
				CURRENT_PROJECT_VERSION = 1;
				DEVELOPMENT_ASSET_PATHS = "\"CovidTracker/Preview Content\"";
				DEVELOPMENT_TEAM = CJYVMFG9D9;
				ENABLE_PREVIEWS = YES;
				GENERATE_INFOPLIST_FILE = YES;
				INFOPLIST_KEY_UIApplicationSceneManifest_Generation = YES;
				INFOPLIST_KEY_UIApplicationSupportsIndirectInputEvents = YES;
				INFOPLIST_KEY_UILaunchScreen_Generation = YES;
				INFOPLIST_KEY_UISupportedInterfaceOrientations_iPad = "UIInterfaceOrientationPortrait UIInterfaceOrientationPortraitUpsideDown UIInterfaceOrientationLandscapeLeft UIInterfaceOrientationLandscapeRight";
				INFOPLIST_KEY_UISupportedInterfaceOrientations_iPhone = "UIInterfaceOrientationPortrait UIInterfaceOrientationLandscapeLeft UIInterfaceOrientationLandscapeRight";
				LD_RUNPATH_SEARCH_PATHS = (
					"$(inherited)",
					"@executable_path/Frameworks",
				);
				MARKETING_VERSION = 1.0;
				PRODUCT_BUNDLE_IDENTIFIER = com.qzhann.CovidTracker;
				PRODUCT_NAME = "$(TARGET_NAME)";
				SWIFT_EMIT_LOC_STRINGS = YES;
				SWIFT_VERSION = 5.0;
				TARGETED_DEVICE_FAMILY = "1,2";
			};
			name = Release;
		};
		F6F8C20727857733001A4D5E /* Debug */ = {
			isa = XCBuildConfiguration;
			buildSettings = {
				ALWAYS_EMBED_SWIFT_STANDARD_LIBRARIES = YES;
				BUNDLE_LOADER = "$(TEST_HOST)";
				CODE_SIGN_STYLE = Automatic;
				CURRENT_PROJECT_VERSION = 1;
				DEVELOPMENT_TEAM = CJYVMFG9D9;
				GENERATE_INFOPLIST_FILE = YES;
				IPHONEOS_DEPLOYMENT_TARGET = 15.2;
				MARKETING_VERSION = 1.0;
				PRODUCT_BUNDLE_IDENTIFIER = com.qzhann.CovidTrackerTests;
				PRODUCT_NAME = "$(TARGET_NAME)";
				SWIFT_EMIT_LOC_STRINGS = NO;
				SWIFT_VERSION = 5.0;
				TARGETED_DEVICE_FAMILY = "1,2";
				TEST_HOST = "$(BUILT_PRODUCTS_DIR)/CovidTracker.app/CovidTracker";
			};
			name = Debug;
		};
		F6F8C20827857733001A4D5E /* Release */ = {
			isa = XCBuildConfiguration;
			buildSettings = {
				ALWAYS_EMBED_SWIFT_STANDARD_LIBRARIES = YES;
				BUNDLE_LOADER = "$(TEST_HOST)";
				CODE_SIGN_STYLE = Automatic;
				CURRENT_PROJECT_VERSION = 1;
				DEVELOPMENT_TEAM = CJYVMFG9D9;
				GENERATE_INFOPLIST_FILE = YES;
				IPHONEOS_DEPLOYMENT_TARGET = 15.2;
				MARKETING_VERSION = 1.0;
				PRODUCT_BUNDLE_IDENTIFIER = com.qzhann.CovidTrackerTests;
				PRODUCT_NAME = "$(TARGET_NAME)";
				SWIFT_EMIT_LOC_STRINGS = NO;
				SWIFT_VERSION = 5.0;
				TARGETED_DEVICE_FAMILY = "1,2";
				TEST_HOST = "$(BUILT_PRODUCTS_DIR)/CovidTracker.app/CovidTracker";
			};
			name = Release;
		};
		F6F8C20A27857733001A4D5E /* Debug */ = {
			isa = XCBuildConfiguration;
			buildSettings = {
				ALWAYS_EMBED_SWIFT_STANDARD_LIBRARIES = YES;
				CODE_SIGN_STYLE = Automatic;
				CURRENT_PROJECT_VERSION = 1;
				DEVELOPMENT_TEAM = CJYVMFG9D9;
				GENERATE_INFOPLIST_FILE = YES;
				MARKETING_VERSION = 1.0;
				PRODUCT_BUNDLE_IDENTIFIER = com.qzhann.CovidTrackerUITests;
				PRODUCT_NAME = "$(TARGET_NAME)";
				SWIFT_EMIT_LOC_STRINGS = NO;
				SWIFT_VERSION = 5.0;
				TARGETED_DEVICE_FAMILY = "1,2";
				TEST_TARGET_NAME = CovidTracker;
			};
			name = Debug;
		};
		F6F8C20B27857733001A4D5E /* Release */ = {
			isa = XCBuildConfiguration;
			buildSettings = {
				ALWAYS_EMBED_SWIFT_STANDARD_LIBRARIES = YES;
				CODE_SIGN_STYLE = Automatic;
				CURRENT_PROJECT_VERSION = 1;
				DEVELOPMENT_TEAM = CJYVMFG9D9;
				GENERATE_INFOPLIST_FILE = YES;
				MARKETING_VERSION = 1.0;
				PRODUCT_BUNDLE_IDENTIFIER = com.qzhann.CovidTrackerUITests;
				PRODUCT_NAME = "$(TARGET_NAME)";
				SWIFT_EMIT_LOC_STRINGS = NO;
				SWIFT_VERSION = 5.0;
				TARGETED_DEVICE_FAMILY = "1,2";
				TEST_TARGET_NAME = CovidTracker;
			};
			name = Release;
		};
		F6F8C22827867CBB001A4D5E /* Debug */ = {
			isa = XCBuildConfiguration;
			buildSettings = {
				ASSETCATALOG_COMPILER_GLOBAL_ACCENT_COLOR_NAME = AccentColor;
				ASSETCATALOG_COMPILER_WIDGET_BACKGROUND_COLOR_NAME = WidgetBackground;
				CODE_SIGN_STYLE = Automatic;
				CURRENT_PROJECT_VERSION = 1;
				DEVELOPMENT_TEAM = CJYVMFG9D9;
				GENERATE_INFOPLIST_FILE = YES;
				INFOPLIST_FILE = CovidTrackerWidget/Info.plist;
				INFOPLIST_KEY_CFBundleDisplayName = CovidTrackerWidget;
				INFOPLIST_KEY_NSHumanReadableCopyright = "";
				LD_RUNPATH_SEARCH_PATHS = (
					"$(inherited)",
					"@executable_path/Frameworks",
					"@executable_path/../../Frameworks",
				);
				MARKETING_VERSION = 1.0;
				PRODUCT_BUNDLE_IDENTIFIER = com.qzhann.CovidTracker.CovidTrackerWidget;
				PRODUCT_NAME = "$(TARGET_NAME)";
				SKIP_INSTALL = YES;
				SWIFT_EMIT_LOC_STRINGS = YES;
				SWIFT_VERSION = 5.0;
				TARGETED_DEVICE_FAMILY = "1,2";
			};
			name = Debug;
		};
		F6F8C22927867CBB001A4D5E /* Release */ = {
			isa = XCBuildConfiguration;
			buildSettings = {
				ASSETCATALOG_COMPILER_GLOBAL_ACCENT_COLOR_NAME = AccentColor;
				ASSETCATALOG_COMPILER_WIDGET_BACKGROUND_COLOR_NAME = WidgetBackground;
				CODE_SIGN_STYLE = Automatic;
				CURRENT_PROJECT_VERSION = 1;
				DEVELOPMENT_TEAM = CJYVMFG9D9;
				GENERATE_INFOPLIST_FILE = YES;
				INFOPLIST_FILE = CovidTrackerWidget/Info.plist;
				INFOPLIST_KEY_CFBundleDisplayName = CovidTrackerWidget;
				INFOPLIST_KEY_NSHumanReadableCopyright = "";
				LD_RUNPATH_SEARCH_PATHS = (
					"$(inherited)",
					"@executable_path/Frameworks",
					"@executable_path/../../Frameworks",
				);
				MARKETING_VERSION = 1.0;
				PRODUCT_BUNDLE_IDENTIFIER = com.qzhann.CovidTracker.CovidTrackerWidget;
				PRODUCT_NAME = "$(TARGET_NAME)";
				SKIP_INSTALL = YES;
				SWIFT_EMIT_LOC_STRINGS = YES;
				SWIFT_VERSION = 5.0;
				TARGETED_DEVICE_FAMILY = "1,2";
			};
			name = Release;
		};
/* End XCBuildConfiguration section */

/* Begin XCConfigurationList section */
		F6F8C1DA27857732001A4D5E /* Build configuration list for PBXProject "CovidTracker" */ = {
			isa = XCConfigurationList;
			buildConfigurations = (
				F6F8C20127857733001A4D5E /* Debug */,
				F6F8C20227857733001A4D5E /* Release */,
			);
			defaultConfigurationIsVisible = 0;
			defaultConfigurationName = Release;
		};
		F6F8C20327857733001A4D5E /* Build configuration list for PBXNativeTarget "CovidTracker" */ = {
			isa = XCConfigurationList;
			buildConfigurations = (
				F6F8C20427857733001A4D5E /* Debug */,
				F6F8C20527857733001A4D5E /* Release */,
			);
			defaultConfigurationIsVisible = 0;
			defaultConfigurationName = Release;
		};
		F6F8C20627857733001A4D5E /* Build configuration list for PBXNativeTarget "CovidTrackerTests" */ = {
			isa = XCConfigurationList;
			buildConfigurations = (
				F6F8C20727857733001A4D5E /* Debug */,
				F6F8C20827857733001A4D5E /* Release */,
			);
			defaultConfigurationIsVisible = 0;
			defaultConfigurationName = Release;
		};
		F6F8C20927857733001A4D5E /* Build configuration list for PBXNativeTarget "CovidTrackerUITests" */ = {
			isa = XCConfigurationList;
			buildConfigurations = (
				F6F8C20A27857733001A4D5E /* Debug */,
				F6F8C20B27857733001A4D5E /* Release */,
			);
			defaultConfigurationIsVisible = 0;
			defaultConfigurationName = Release;
		};
		F6F8C22727867CBB001A4D5E /* Build configuration list for PBXNativeTarget "CovidTrackerWidgetExtension" */ = {
			isa = XCConfigurationList;
			buildConfigurations = (
				F6F8C22827867CBB001A4D5E /* Debug */,
				F6F8C22927867CBB001A4D5E /* Release */,
			);
			defaultConfigurationIsVisible = 0;
			defaultConfigurationName = Release;
		};
/* End XCConfigurationList section */
	};
	rootObject = F6F8C1D727857732001A4D5E /* Project object */;
}
